{
  "name": "ts-quickfix-path-mappings-bug",
  "version": "1.0.0",
  "lockfileVersion": 1,
  "requires": true,
  "dependencies": {
    "typescript": {
      "version": "4.1.0-dev.20201017",
      "resolved": "https://registry.npmjs.org/typescript/-/typescript-4.1.0-dev.20201017.tgz",
      "integrity": "sha512-08/kQHjUwapDt+eafj0JFzu9lGH/PdG2paNnHWSRlDkEbeTbQsWHUW0aY0Yx3qYPe5Py989skwRXACQN58ub7w=="
    }
  }
}
